{
    "version": 3,
    "terraform_version": "0.11.13",
    "serial": 12,
    "lineage": "9c08fabf-b1d9-5bfe-8cff-be793e48faa1",
    "modules": [
        {
            "path": [
                "root"
            ],
            "outputs": {},
            "resources": {},
            "depends_on": []
        },
        {
            "path": [
                "root",
                "gsp-cluster"
            ],
            "outputs": {},
            "resources": {},
            "depends_on": []
        },
        {
            "path": [
                "root",
                "gsp-network"
            ],
            "outputs": {
                "private-subnet-count": {
                    "sensitive": false,
                    "type": "string",
                    "value": "3"
                },
                "public_subnet_ids": {
                    "sensitive": false,
                    "type": "list",
                    "value": [
                        "subnet-09af2702f6892c089",
                        "subnet-09a03340f91420896",
                        "subnet-0fad16ce48ca77fdb"
                    ]
                },
                "vpc_id": {
                    "sensitive": false,
                    "type": "string",
                    "value": "vpc-06bfcfed64cd2f5ca"
                }
            },
            "resources": {
                "aws_internet_gateway.gateway": {
                    "type": "aws_internet_gateway",
                    "depends_on": [
                        "aws_vpc.network"
                    ],
                    "primary": {
                        "id": "igw-04a09f01a2fb0c43d",
                        "attributes": {
                            "id": "igw-04a09f01a2fb0c43d",
                            "owner_id": "011571571136",
                            "tags.%": "1",
                            "tags.Name": "rafalp",
                            "vpc_id": "vpc-06bfcfed64cd2f5ca"
                        },
                        "meta": {},
                        "tainted": false
                    },
                    "deposed": [],
                    "provider": "provider.aws"
                },
                "aws_subnet.cluster-public.0": {
                    "type": "aws_subnet",
                    "depends_on": [
                        "aws_vpc.network",
                        "data.aws_availability_zones.all"
                    ],
                    "primary": {
                        "id": "subnet-09af2702f6892c089",
                        "attributes": {
                            "arn": "arn:aws:ec2:eu-west-2:011571571136:subnet/subnet-09af2702f6892c089",
                            "assign_ipv6_address_on_creation": "false",
                            "availability_zone": "eu-west-2a",
                            "availability_zone_id": "euw2-az2",
                            "cidr_block": "10.0.48.0/20",
                            "id": "subnet-09af2702f6892c089",
                            "ipv6_cidr_block": "",
                            "ipv6_cidr_block_association_id": "",
                            "map_public_ip_on_launch": "false",
                            "owner_id": "011571571136",
                            "tags.%": "2",
                            "tags.Name": "rafalp-cluster-0",
                            "tags.kubernetes.io/role/elb": "1",
                            "vpc_id": "vpc-06bfcfed64cd2f5ca"
                        },
                        "meta": {
                            "e2bfb730-ecaa-11e6-8f88-34363bc7c4c0": {
                                "create": 600000000000,
                                "delete": 600000000000
                            },
                            "schema_version": "1"
                        },
                        "tainted": false
                    },
                    "deposed": [],
                    "provider": "provider.aws"
                },
                "aws_subnet.cluster-public.1": {
                    "type": "aws_subnet",
                    "depends_on": [
                        "aws_vpc.network",
                        "data.aws_availability_zones.all"
                    ],
                    "primary": {
                        "id": "subnet-09a03340f91420896",
                        "attributes": {
                            "arn": "arn:aws:ec2:eu-west-2:011571571136:subnet/subnet-09a03340f91420896",
                            "assign_ipv6_address_on_creation": "false",
                            "availability_zone": "eu-west-2b",
                            "availability_zone_id": "euw2-az3",
                            "cidr_block": "10.0.64.0/20",
                            "id": "subnet-09a03340f91420896",
                            "ipv6_cidr_block": "",
                            "ipv6_cidr_block_association_id": "",
                            "map_public_ip_on_launch": "false",
                            "owner_id": "011571571136",
                            "tags.%": "2",
                            "tags.Name": "rafalp-cluster-1",
                            "tags.kubernetes.io/role/elb": "1",
                            "vpc_id": "vpc-06bfcfed64cd2f5ca"
                        },
                        "meta": {
                            "e2bfb730-ecaa-11e6-8f88-34363bc7c4c0": {
                                "create": 600000000000,
                                "delete": 600000000000
                            },
                            "schema_version": "1"
                        },
                        "tainted": false
                    },
                    "deposed": [],
                    "provider": "provider.aws"
                },
                "aws_subnet.cluster-public.2": {
                    "type": "aws_subnet",
                    "depends_on": [
                        "aws_vpc.network",
                        "data.aws_availability_zones.all"
                    ],
                    "primary": {
                        "id": "subnet-0fad16ce48ca77fdb",
                        "attributes": {
                            "arn": "arn:aws:ec2:eu-west-2:011571571136:subnet/subnet-0fad16ce48ca77fdb",
                            "assign_ipv6_address_on_creation": "false",
                            "availability_zone": "eu-west-2c",
                            "availability_zone_id": "euw2-az1",
                            "cidr_block": "10.0.80.0/20",
                            "id": "subnet-0fad16ce48ca77fdb",
                            "ipv6_cidr_block": "",
                            "ipv6_cidr_block_association_id": "",
                            "map_public_ip_on_launch": "false",
                            "owner_id": "011571571136",
                            "tags.%": "2",
                            "tags.Name": "rafalp-cluster-2",
                            "tags.kubernetes.io/role/elb": "1",
                            "vpc_id": "vpc-06bfcfed64cd2f5ca"
                        },
                        "meta": {
                            "e2bfb730-ecaa-11e6-8f88-34363bc7c4c0": {
                                "create": 600000000000,
                                "delete": 600000000000
                            },
                            "schema_version": "1"
                        },
                        "tainted": false
                    },
                    "deposed": [],
                    "provider": "provider.aws"
                },
                "aws_vpc.network": {
                    "type": "aws_vpc",
                    "depends_on": [],
                    "primary": {
                        "id": "vpc-06bfcfed64cd2f5ca",
                        "attributes": {
                            "arn": "arn:aws:ec2:eu-west-2:011571571136:vpc/vpc-06bfcfed64cd2f5ca",
                            "assign_generated_ipv6_cidr_block": "false",
                            "cidr_block": "10.0.0.0/16",
                            "default_network_acl_id": "acl-0a0d965c480361441",
                            "default_route_table_id": "rtb-0761af4785a708bf1",
                            "default_security_group_id": "sg-0d36910cb0452956d",
                            "dhcp_options_id": "dopt-0beb8363",
                            "enable_dns_hostnames": "true",
                            "enable_dns_support": "true",
                            "id": "vpc-06bfcfed64cd2f5ca",
                            "instance_tenancy": "default",
                            "ipv6_association_id": "",
                            "ipv6_cidr_block": "",
                            "main_route_table_id": "rtb-0761af4785a708bf1",
                            "owner_id": "011571571136",
                            "tags.%": "1",
                            "tags.Name": "rafalp"
                        },
                        "meta": {
                            "schema_version": "1"
                        },
                        "tainted": false
                    },
                    "deposed": [],
                    "provider": "provider.aws"
                },
                "data.aws_availability_zones.all": {
                    "type": "aws_availability_zones",
                    "depends_on": [],
                    "primary": {
                        "id": "2019-04-04 18:25:46.681752 +0000 UTC",
                        "attributes": {
                            "id": "2019-04-04 18:25:46.681752 +0000 UTC",
                            "names.#": "3",
                            "names.0": "eu-west-2a",
                            "names.1": "eu-west-2b",
                            "names.2": "eu-west-2c",
                            "zone_ids.#": "3",
                            "zone_ids.0": "euw2-az2",
                            "zone_ids.1": "euw2-az3",
                            "zone_ids.2": "euw2-az1"
                        },
                        "meta": {},
                        "tainted": false
                    },
                    "deposed": [],
                    "provider": "provider.aws"
                }
            },
            "depends_on": []
        },
        {
            "path": [
                "root",
                "gsp-persistent"
            ],
            "outputs": {},
            "resources": {},
            "depends_on": []
        },
        {
            "path": [
                "root",
                "gsp-cluster",
                "ci-system"
            ],
            "outputs": {},
            "resources": {},
            "depends_on": []
        },
        {
            "path": [
                "root",
                "gsp-cluster",
                "gsp-canary"
            ],
            "outputs": {},
            "resources": {},
            "depends_on": []
        },
        {
            "path": [
                "root",
                "gsp-cluster",
                "ingress-system"
            ],
            "outputs": {},
            "resources": {},
            "depends_on": []
        },
        {
            "path": [
                "root",
                "gsp-cluster",
                "k8s-cluster"
            ],
            "outputs": {},
            "resources": {},
            "depends_on": []
        },
        {
            "path": [
                "root",
                "gsp-cluster",
                "kiam-system"
            ],
            "outputs": {},
            "resources": {},
            "depends_on": []
        },
        {
            "path": [
                "root",
                "gsp-cluster",
                "lambda_splunk_forwarder"
            ],
            "outputs": {},
            "resources": {},
            "depends_on": []
        },
        {
            "path": [
                "root",
                "gsp-cluster",
                "monitoring-system"
            ],
            "outputs": {},
            "resources": {},
            "depends_on": []
        },
        {
            "path": [
                "root",
                "gsp-cluster",
                "secrets-system"
            ],
            "outputs": {},
            "resources": {},
            "depends_on": []
        },
        {
            "path": [
                "root",
                "gsp-cluster",
                "ci-system",
                "ci-system"
            ],
            "outputs": {},
            "resources": {},
            "depends_on": []
        },
        {
            "path": [
                "root",
                "gsp-cluster",
                "gsp-canary",
                "canary-system"
            ],
            "outputs": {},
            "resources": {},
            "depends_on": []
        }
    ]
}
