github.com/alphagov/gsp-teams v0.0.0-20180917084032-985a1bc751c6 h1:PpnsH1XVlZgl97uSgpPZeZqJeZ5tzWgH4CY1mP4PDpE=
github.com/alphagov/gsp-teams/pkg/config v0.0.0-20180922102849-3c6985beb99a h1:RdZDXT6Lcw/7uRhg49sZlnyc3VyjKZ05AbBuuL3dGUk=
github.com/alphagov/gsp-teams/pkg/config v0.0.0-20180922102849-3c6985beb99a/go.mod h1:ylayWnBTtu/lbCo+7PphQOSKqJi49/Dg78Ib+xdoJNQ=
gopkg.in/check.v1 v0.0.0-20161208181325-20d25e280405 h1:yhCVgyC4o1eVCa2tZl7eS0r+SDo693bJlVdllGtEeKM=
gopkg.in/check.v1 v0.0.0-20161208181325-20d25e280405/go.mod h1:Co6ibVJAznAaIkqp8huTwlJQCZ016jof/cbN4VW5Yz0=
gopkg.in/yaml.v2 v2.2.1 h1:mUhvW9EsL+naU5Q3cakzfE91YhliOondGd6ZrsDBHQE=
gopkg.in/yaml.v2 v2.2.1/go.mod h1:hI93XBmqTisBFMUTm0b8Fm+jr3Dg1NNxqwp+5A1VGuI=
